
Microsoft Visual Studio Solution File, Format Version 12.00
# Visual Studio Version 16
VisualStudioVersion = 16.0.31702.278
MinimumVisualStudioVersion = 10.0.40219.1
Project("{FAE04EC0-301F-11D3-BF4B-00C04F79EFBC}") = "AddressBookWithLinq3", "AddressBookWithLinq3.csproj", "{9D57BD1B-E56A-4426-80B5-FC5AA8D4D560}"
EndProject
Global
	GlobalSection(SolutionConfigurationPlatforms) = preSolution
		Debug|Any CPU = Debug|Any CPU
		Release|Any CPU = Release|Any CPU
	EndGlobalSection
	GlobalSection(ProjectConfigurationPlatforms) = postSolution
		{9D57BD1B-E56A-4426-80B5-FC5AA8D4D560}.Debug|Any CPU.ActiveCfg = Debug|Any CPU
		{9D57BD1B-E56A-4426-80B5-FC5AA8D4D560}.Debug|Any CPU.Build.0 = Debug|Any CPU
		{9D57BD1B-E56A-4426-80B5-FC5AA8D4D560}.Release|Any CPU.ActiveCfg = Release|Any CPU
		{9D57BD1B-E56A-4426-80B5-FC5AA8D4D560}.Release|Any CPU.Build.0 = Release|Any CPU
	EndGlobalSection
	GlobalSection(SolutionProperties) = preSolution
		HideSolutionNode = FALSE
	EndGlobalSection
	GlobalSection(ExtensibilityGlobals) = postSolution
		SolutionGuid = {E0ED0297-8085-490C-A6F6-A5168BB7CE04}
	EndGlobalSection
EndGlobal
